<?xml version="1.0" encoding="utf-8"?>
<Project ToolsVersion="4.0" xmlns="http://schemas.microsoft.com/developer/msbuild/2003">
  <ItemGroup>
    <Filter Include="Source Files">
      <UniqueIdentifier>{4FC737F1-C7A5-4376-A066-2A32D752A2FF}</UniqueIdentifier>
      <Extensions>cpp;c;cc;cxx;def;odl;idl;hpj;bat;asm;asmx</Extensions>
    </Filter>
    <Filter Include="Header Files">
      <UniqueIdentifier>{93995380-89BD-4b04-88EB-625FBE52EBFB}</UniqueIdentifier>
      <Extensions>h;hh;hpp;hxx;hm;inl;inc;xsd</Extensions>
    </Filter>
    <Filter Include="Resource Files">
      <UniqueIdentifier>{67DA6AB6-F800-4c08-8B7A-83BB121AAD01}</UniqueIdentifier>
      <Extensions>rc;ico;cur;bmp;dlg;rc2;rct;bin;rgs;gif;jpg;jpeg;jpe;resx;tiff;tif;png;wav;mfcribbon-ms</Extensions>
    </Filter>
    <Filter Include="Header Files\Game">
      <UniqueIdentifier>{3148a98c-6d95-46e5-84af-0eae7ff3380f}</UniqueIdentifier>
    </Filter>
    <Filter Include="Header Files\Engine">
      <UniqueIdentifier>{b584714e-9383-4fe3-81ca-c8a313be2242}</UniqueIdentifier>
    </Filter>
    <Filter Include="Source Files\Game">
      <UniqueIdentifier>{56a86ee0-df5a-4f80-a7a2-0d5ef2771d07}</UniqueIdentifier>
    </Filter>
    <Filter Include="Source Files\Engine">
      <UniqueIdentifier>{b668fd7e-0fbd-4f26-a4e7-472943b548be}</UniqueIdentifier>
    </Filter>
    <Filter Include="Header Files\Engine\Events">
      <UniqueIdentifier>{f91fac29-225c-427b-81c4-a393cec666ba}</UniqueIdentifier>
    </Filter>
  </ItemGroup>
  <ItemGroup>
    <ClInclude Include="Source\Game\CollisionBrick.h">
      <Filter>Header Files\Game</Filter>
    </ClInclude>
    <ClInclude Include="Source\Engine\Action.h">
      <Filter>Header Files\Engine</Filter>
    </ClInclude>
    <ClInclude Include="Source\Engine\Actor.h">
      <Filter>Header Files\Engine</Filter>
    </ClInclude>
    <ClInclude Include="Source\Engine\Animation.h">
      <Filter>Header Files\Engine</Filter>
    </ClInclude>
    <ClInclude Include="Source\Engine\Collider.h">
      <Filter>Header Files\Engine</Filter>
    </ClInclude>
    <ClInclude Include="Source\Engine\Controller.h">
      <Filter>Header Files\Engine</Filter>
    </ClInclude>
    <ClInclude Include="Source\Engine\GameEngine.h">
      <Filter>Header Files\Engine</Filter>
    </ClInclude>
    <ClInclude Include="Source\Engine\GameMode.h">
      <Filter>Header Files\Engine</Filter>
    </ClInclude>
    <ClInclude Include="Source\Engine\GameState.h">
      <Filter>Header Files\Engine</Filter>
    </ClInclude>
    <ClInclude Include="Source\Engine\GUIElement.h">
      <Filter>Header Files\Engine</Filter>
    </ClInclude>
    <ClInclude Include="Source\Engine\GUIObject.h">
      <Filter>Header Files\Engine</Filter>
    </ClInclude>
    <ClInclude Include="Source\Engine\Level.h">
      <Filter>Header Files\Engine</Filter>
    </ClInclude>
    <ClInclude Include="Source\Engine\Object.h">
      <Filter>Header Files\Engine</Filter>
    </ClInclude>
    <ClInclude Include="Source\Engine\PlayState.h">
      <Filter>Header Files\Engine</Filter>
    </ClInclude>
    <ClInclude Include="Source\Engine\TileMap.h">
      <Filter>Header Files\Engine</Filter>
    </ClInclude>
    <ClInclude Include="Source\Engine\World.h">
      <Filter>Header Files\Engine</Filter>
    </ClInclude>
    <ClInclude Include="Source\Engine\Player.h">
      <Filter>Header Files\Engine</Filter>
    </ClInclude>
    <ClInclude Include="Source\Engine\PlayerState.h">
      <Filter>Header Files\Engine</Filter>
    </ClInclude>
    <ClInclude Include="Source\Engine\Component.h">
      <Filter>Header Files\Engine</Filter>
    </ClInclude>
    <ClInclude Include="Source\Engine\AnimSequence.h">
      <Filter>Header Files\Engine</Filter>
    </ClInclude>
    <ClInclude Include="Source\Engine\EventHandler.h">
      <Filter>Header Files\Engine</Filter>
    </ClInclude>
    <ClInclude Include="Source\Engine\Event.h">
      <Filter>Header Files\Engine</Filter>
    </ClInclude>
    <ClInclude Include="Source\Engine\HandlerFunctionBase.h">
      <Filter>Header Files\Engine</Filter>
    </ClInclude>
    <ClInclude Include="MemberFunctionHandler.h">
      <Filter>Header Files\Engine</Filter>
    </ClInclude>
    <ClInclude Include="OnEventMoveLeft.h">
      <Filter>Header Files\Engine\Events</Filter>
    </ClInclude>
  </ItemGroup>
  <ItemGroup>
    <ClCompile Include="Source\main.cpp">
      <Filter>Source Files</Filter>
    </ClCompile>
    <ClCompile Include="Source\Game\CollisionBrick.cpp">
      <Filter>Source Files\Game</Filter>
    </ClCompile>
    <ClCompile Include="Source\Engine\Actor.cpp">
      <Filter>Source Files\Engine</Filter>
    </ClCompile>
    <ClCompile Include="Source\Engine\Animation.cpp">
      <Filter>Source Files\Engine</Filter>
    </ClCompile>
    <ClCompile Include="Source\Engine\Collider.cpp">
      <Filter>Source Files\Engine</Filter>
    </ClCompile>
    <ClCompile Include="Source\Engine\Controller.cpp">
      <Filter>Source Files\Engine</Filter>
    </ClCompile>
    <ClCompile Include="Source\Engine\GameEngine.cpp">
      <Filter>Source Files\Engine</Filter>
    </ClCompile>
    <ClCompile Include="Source\Engine\GameMode.cpp">
      <Filter>Source Files\Engine</Filter>
    </ClCompile>
    <ClCompile Include="Source\Engine\GUIElement.cpp">
      <Filter>Source Files\Engine</Filter>
    </ClCompile>
    <ClCompile Include="Source\Engine\Level.cpp">
      <Filter>Source Files\Engine</Filter>
    </ClCompile>
    <ClCompile Include="Source\Engine\PlayState.cpp">
      <Filter>Source Files\Engine</Filter>
    </ClCompile>
    <ClCompile Include="Source\Engine\World.cpp">
      <Filter>Source Files\Engine</Filter>
    </ClCompile>
    <ClCompile Include="Source\Engine\Player.cpp">
      <Filter>Source Files\Engine</Filter>
    </ClCompile>
    <ClCompile Include="Source\Engine\PlayerState.cpp">
      <Filter>Source Files\Engine</Filter>
    </ClCompile>
    <ClCompile Include="Source\Engine\AnimSequence.cpp">
      <Filter>Source Files\Engine</Filter>
    </ClCompile>
    <ClCompile Include="Source\Engine\EventHandler.cpp">
      <Filter>Source Files\Engine</Filter>
    </ClCompile>
  </ItemGroup>
</Project>